
Microsoft Visual Studio Solution File, Format Version 12.00
# Visual Studio Version 17
VisualStudioVersion = 17.14.36518.9 d17.14
MinimumVisualStudioVersion = 10.0.40219.1
Project("{FAE04EC0-301F-11D3-BF4B-00C04F79EFBC}") = "Abstraccion", "Abstraccion\Abstraccion.csproj", "{6496049F-9C5F-4F0F-8B93-75DD26BB2CA8}"
EndProject
Project("{FAE04EC0-301F-11D3-BF4B-00C04F79EFBC}") = "BE", "BE\BE.csproj", "{BF7C86F5-F068-4150-993B-ED053BAAF9A4}"
EndProject
Project("{FAE04EC0-301F-11D3-BF4B-00C04F79EFBC}") = "Seguridad", "Seguridad\Seguridad.csproj", "{F7F65DF8-8D26-417E-8727-AEB03D676EF0}"
EndProject
Project("{FAE04EC0-301F-11D3-BF4B-00C04F79EFBC}") = "Backup", "Backup\Backup.csproj", "{73D0E23D-E403-466D-A2CD-06F3832BA6A4}"
EndProject
Project("{FAE04EC0-301F-11D3-BF4B-00C04F79EFBC}") = "MPP", "MPP\MPP.csproj", "{A835851B-E452-4133-B6DB-1996FF94047B}"
EndProject
Project("{FAE04EC0-301F-11D3-BF4B-00C04F79EFBC}") = "BLL_Negocio", "BLL_Negocio\BLL_Negocio.csproj", "{DBD28653-E60C-4625-A366-95AC64FB6361}"
EndProject
Project("{FAE04EC0-301F-11D3-BF4B-00C04F79EFBC}") = "Reportes", "Reportes\Reportes.csproj", "{86DB9C30-91E1-4140-A2EC-3623836C1443}"
EndProject
Project("{FAE04EC0-301F-11D3-BF4B-00C04F79EFBC}") = "Restaurar v1.0", "Restaurar v1.0\Restaurar v1.0.csproj", "{900EAFD6-BBFC-4ACF-A286-875C3C996D58}"
EndProject
Global
	GlobalSection(SolutionConfigurationPlatforms) = preSolution
		Debug|Any CPU = Debug|Any CPU
		Release|Any CPU = Release|Any CPU
	EndGlobalSection
	GlobalSection(ProjectConfigurationPlatforms) = postSolution
		{6496049F-9C5F-4F0F-8B93-75DD26BB2CA8}.Debug|Any CPU.ActiveCfg = Debug|Any CPU
		{6496049F-9C5F-4F0F-8B93-75DD26BB2CA8}.Debug|Any CPU.Build.0 = Debug|Any CPU
		{6496049F-9C5F-4F0F-8B93-75DD26BB2CA8}.Release|Any CPU.ActiveCfg = Release|Any CPU
		{6496049F-9C5F-4F0F-8B93-75DD26BB2CA8}.Release|Any CPU.Build.0 = Release|Any CPU
		{BF7C86F5-F068-4150-993B-ED053BAAF9A4}.Debug|Any CPU.ActiveCfg = Debug|Any CPU
		{BF7C86F5-F068-4150-993B-ED053BAAF9A4}.Debug|Any CPU.Build.0 = Debug|Any CPU
		{BF7C86F5-F068-4150-993B-ED053BAAF9A4}.Release|Any CPU.ActiveCfg = Release|Any CPU
		{BF7C86F5-F068-4150-993B-ED053BAAF9A4}.Release|Any CPU.Build.0 = Release|Any CPU
		{F7F65DF8-8D26-417E-8727-AEB03D676EF0}.Debug|Any CPU.ActiveCfg = Debug|Any CPU
		{F7F65DF8-8D26-417E-8727-AEB03D676EF0}.Debug|Any CPU.Build.0 = Debug|Any CPU
		{F7F65DF8-8D26-417E-8727-AEB03D676EF0}.Release|Any CPU.ActiveCfg = Release|Any CPU
		{F7F65DF8-8D26-417E-8727-AEB03D676EF0}.Release|Any CPU.Build.0 = Release|Any CPU
		{73D0E23D-E403-466D-A2CD-06F3832BA6A4}.Debug|Any CPU.ActiveCfg = Debug|Any CPU
		{73D0E23D-E403-466D-A2CD-06F3832BA6A4}.Debug|Any CPU.Build.0 = Debug|Any CPU
		{73D0E23D-E403-466D-A2CD-06F3832BA6A4}.Release|Any CPU.ActiveCfg = Release|Any CPU
		{73D0E23D-E403-466D-A2CD-06F3832BA6A4}.Release|Any CPU.Build.0 = Release|Any CPU
		{A835851B-E452-4133-B6DB-1996FF94047B}.Debug|Any CPU.ActiveCfg = Debug|Any CPU
		{A835851B-E452-4133-B6DB-1996FF94047B}.Debug|Any CPU.Build.0 = Debug|Any CPU
		{A835851B-E452-4133-B6DB-1996FF94047B}.Release|Any CPU.ActiveCfg = Release|Any CPU
		{A835851B-E452-4133-B6DB-1996FF94047B}.Release|Any CPU.Build.0 = Release|Any CPU
		{DBD28653-E60C-4625-A366-95AC64FB6361}.Debug|Any CPU.ActiveCfg = Debug|Any CPU
		{DBD28653-E60C-4625-A366-95AC64FB6361}.Debug|Any CPU.Build.0 = Debug|Any CPU
		{DBD28653-E60C-4625-A366-95AC64FB6361}.Release|Any CPU.ActiveCfg = Release|Any CPU
		{DBD28653-E60C-4625-A366-95AC64FB6361}.Release|Any CPU.Build.0 = Release|Any CPU
		{86DB9C30-91E1-4140-A2EC-3623836C1443}.Debug|Any CPU.ActiveCfg = Debug|Any CPU
		{86DB9C30-91E1-4140-A2EC-3623836C1443}.Debug|Any CPU.Build.0 = Debug|Any CPU
		{86DB9C30-91E1-4140-A2EC-3623836C1443}.Release|Any CPU.ActiveCfg = Release|Any CPU
		{86DB9C30-91E1-4140-A2EC-3623836C1443}.Release|Any CPU.Build.0 = Release|Any CPU
		{900EAFD6-BBFC-4ACF-A286-875C3C996D58}.Debug|Any CPU.ActiveCfg = Debug|Any CPU
		{900EAFD6-BBFC-4ACF-A286-875C3C996D58}.Debug|Any CPU.Build.0 = Debug|Any CPU
		{900EAFD6-BBFC-4ACF-A286-875C3C996D58}.Release|Any CPU.ActiveCfg = Release|Any CPU
		{900EAFD6-BBFC-4ACF-A286-875C3C996D58}.Release|Any CPU.Build.0 = Release|Any CPU
	EndGlobalSection
	GlobalSection(SolutionProperties) = preSolution
		HideSolutionNode = FALSE
	EndGlobalSection
	GlobalSection(ExtensibilityGlobals) = postSolution
		SolutionGuid = {4E03071A-2859-49C5-BED4-F84592698E8B}
	EndGlobalSection
EndGlobal
